
Microsoft Visual Studio Solution File, Format Version 12.00
# Visual Studio Version 17
VisualStudioVersion = 17.7.34031.279
MinimumVisualStudioVersion = 10.0.40219.1
Project("{FAE04EC0-301F-11D3-BF4B-00C04F79EFBC}") = "LE_InterfaceandIEnumerable_StephanieLopez", "LE_InterfaceandIEnumerable_StephanieLopez.csproj", "{65777255-D634-4BF2-A50B-81A484671A9F}"
EndProject
Global
	GlobalSection(SolutionConfigurationPlatforms) = preSolution
		Debug|Any CPU = Debug|Any CPU
		Release|Any CPU = Release|Any CPU
	EndGlobalSection
	GlobalSection(ProjectConfigurationPlatforms) = postSolution
		{65777255-D634-4BF2-A50B-81A484671A9F}.Debug|Any CPU.ActiveCfg = Debug|Any CPU
		{65777255-D634-4BF2-A50B-81A484671A9F}.Debug|Any CPU.Build.0 = Debug|Any CPU
		{65777255-D634-4BF2-A50B-81A484671A9F}.Release|Any CPU.ActiveCfg = Release|Any CPU
		{65777255-D634-4BF2-A50B-81A484671A9F}.Release|Any CPU.Build.0 = Release|Any CPU
	EndGlobalSection
	GlobalSection(SolutionProperties) = preSolution
		HideSolutionNode = FALSE
	EndGlobalSection
	GlobalSection(ExtensibilityGlobals) = postSolution
		SolutionGuid = {49CC403B-A90E-4072-AFDE-1E2F02CDCF5D}
	EndGlobalSection
EndGlobal
